
Microsoft Visual Studio Solution File, Format Version 12.00
# Visual Studio Version 16
VisualStudioVersion = 16.0.32602.291
MinimumVisualStudioVersion = 10.0.40219.1
Project("{FAE04EC0-301F-11D3-BF4B-00C04F79EFBC}") = "ConfigSwitcher", "ConfigSwitcher.csproj", "{0E0E4380-5E4B-44AC-A32A-44A99034F20B}"
EndProject
Global
	GlobalSection(SolutionConfigurationPlatforms) = preSolution
		Debug|Any CPU = Debug|Any CPU
		Release|Any CPU = Release|Any CPU
	EndGlobalSection
	GlobalSection(ProjectConfigurationPlatforms) = postSolution
		{0E0E4380-5E4B-44AC-A32A-44A99034F20B}.Debug|Any CPU.ActiveCfg = Debug|Any CPU
		{0E0E4380-5E4B-44AC-A32A-44A99034F20B}.Debug|Any CPU.Build.0 = Debug|Any CPU
		{0E0E4380-5E4B-44AC-A32A-44A99034F20B}.Release|Any CPU.ActiveCfg = Release|Any CPU
		{0E0E4380-5E4B-44AC-A32A-44A99034F20B}.Release|Any CPU.Build.0 = Release|Any CPU
	EndGlobalSection
	GlobalSection(SolutionProperties) = preSolution
		HideSolutionNode = FALSE
	EndGlobalSection
	GlobalSection(ExtensibilityGlobals) = postSolution
		SolutionGuid = {6E285A64-B9C7-4F5F-A2CE-4624309C36E2}
	EndGlobalSection
EndGlobal
